// !$*UTF8*$!
{
	archiveVersion = 1;
	classes = {
	};
	objectVersion = 55;
	objects = {

/* Begin PBXBuildFile section */
		8304A7FA279DB0F2004D9CBF /* InfoedukaHttpRequest.swift in Sources */ = {isa = PBXBuildFile; fileRef = 8304A7F9279DB0F2004D9CBF /* InfoedukaHttpRequest.swift */; };
		8304A7FB279DB0F2004D9CBF /* InfoedukaHttpRequest.swift in Sources */ = {isa = PBXBuildFile; fileRef = 8304A7F9279DB0F2004D9CBF /* InfoedukaHttpRequest.swift */; };
		8304A7FD279DB156004D9CBF /* InfoedukaHttpEndpoints.swift in Sources */ = {isa = PBXBuildFile; fileRef = 8304A7FC279DB156004D9CBF /* InfoedukaHttpEndpoints.swift */; };
		8304A7FE279DB156004D9CBF /* InfoedukaHttpEndpoints.swift in Sources */ = {isa = PBXBuildFile; fileRef = 8304A7FC279DB156004D9CBF /* InfoedukaHttpEndpoints.swift */; };
		8304A801279DC2F0004D9CBF /* LoginResponse.swift in Sources */ = {isa = PBXBuildFile; fileRef = 8304A800279DC2EF004D9CBF /* LoginResponse.swift */; };
		8304A802279DC2F0004D9CBF /* LoginResponse.swift in Sources */ = {isa = PBXBuildFile; fileRef = 8304A800279DC2EF004D9CBF /* LoginResponse.swift */; };
		8304A804279E4001004D9CBF /* VijestiTagoviResponse.swift in Sources */ = {isa = PBXBuildFile; fileRef = 8304A803279E4001004D9CBF /* VijestiTagoviResponse.swift */; };
		8304A805279E4001004D9CBF /* VijestiTagoviResponse.swift in Sources */ = {isa = PBXBuildFile; fileRef = 8304A803279E4001004D9CBF /* VijestiTagoviResponse.swift */; };
		8304A807279E419C004D9CBF /* JsonHelper.swift in Sources */ = {isa = PBXBuildFile; fileRef = 8304A806279E419C004D9CBF /* JsonHelper.swift */; };
		8304A808279E419D004D9CBF /* JsonHelper.swift in Sources */ = {isa = PBXBuildFile; fileRef = 8304A806279E419C004D9CBF /* JsonHelper.swift */; };
		8304A80A279E4680004D9CBF /* SessionTracker.swift in Sources */ = {isa = PBXBuildFile; fileRef = 8304A809279E4680004D9CBF /* SessionTracker.swift */; };
		8304A80B279E4680004D9CBF /* SessionTracker.swift in Sources */ = {isa = PBXBuildFile; fileRef = 8304A809279E4680004D9CBF /* SessionTracker.swift */; };
		8304A80E279E5144004D9CBF /* NSRegularExpressionExtension.swift in Sources */ = {isa = PBXBuildFile; fileRef = 8304A80D279E5144004D9CBF /* NSRegularExpressionExtension.swift */; };
		8304A80F279E5144004D9CBF /* NSRegularExpressionExtension.swift in Sources */ = {isa = PBXBuildFile; fileRef = 8304A80D279E5144004D9CBF /* NSRegularExpressionExtension.swift */; };
		8304A811279E5178004D9CBF /* StringExtension.swift in Sources */ = {isa = PBXBuildFile; fileRef = 8304A810279E5178004D9CBF /* StringExtension.swift */; };
		8304A812279E5178004D9CBF /* StringExtension.swift in Sources */ = {isa = PBXBuildFile; fileRef = 8304A810279E5178004D9CBF /* StringExtension.swift */; };
		8304A814279F0AAC004D9CBF /* ResponseProtocol.swift in Sources */ = {isa = PBXBuildFile; fileRef = 8304A813279F0AAB004D9CBF /* ResponseProtocol.swift */; };
		8304A815279F0AAC004D9CBF /* ResponseProtocol.swift in Sources */ = {isa = PBXBuildFile; fileRef = 8304A813279F0AAB004D9CBF /* ResponseProtocol.swift */; };
		8304A818279F2863004D9CBF /* LoginViewModel.swift in Sources */ = {isa = PBXBuildFile; fileRef = 8304A817279F2862004D9CBF /* LoginViewModel.swift */; };
		8304A819279F2863004D9CBF /* LoginViewModel.swift in Sources */ = {isa = PBXBuildFile; fileRef = 8304A817279F2862004D9CBF /* LoginViewModel.swift */; };
		8304A81B279F2B6C004D9CBF /* MainViewModel.swift in Sources */ = {isa = PBXBuildFile; fileRef = 8304A81A279F2B6C004D9CBF /* MainViewModel.swift */; };
		8304A81C279F2B6C004D9CBF /* MainViewModel.swift in Sources */ = {isa = PBXBuildFile; fileRef = 8304A81A279F2B6C004D9CBF /* MainViewModel.swift */; };
		8304A81E279F2D7F004D9CBF /* CredentialsManager.swift in Sources */ = {isa = PBXBuildFile; fileRef = 8304A81D279F2D7F004D9CBF /* CredentialsManager.swift */; };
		8304A81F279F2D7F004D9CBF /* CredentialsManager.swift in Sources */ = {isa = PBXBuildFile; fileRef = 8304A81D279F2D7F004D9CBF /* CredentialsManager.swift */; };
		8304A82327A079A3004D9CBF /* KategorijeResponse.swift in Sources */ = {isa = PBXBuildFile; fileRef = 8304A82227A079A2004D9CBF /* KategorijeResponse.swift */; };
		8304A82427A079A4004D9CBF /* KategorijeResponse.swift in Sources */ = {isa = PBXBuildFile; fileRef = 8304A82227A079A2004D9CBF /* KategorijeResponse.swift */; };
		8304A82727A07A56004D9CBF /* VijestiResponse.swift in Sources */ = {isa = PBXBuildFile; fileRef = 8304A82627A07A56004D9CBF /* VijestiResponse.swift */; };
		8304A82827A07A56004D9CBF /* VijestiResponse.swift in Sources */ = {isa = PBXBuildFile; fileRef = 8304A82627A07A56004D9CBF /* VijestiResponse.swift */; };
		8304A82A27A07AA3004D9CBF /* TjedniResponse.swift in Sources */ = {isa = PBXBuildFile; fileRef = 8304A82927A07AA3004D9CBF /* TjedniResponse.swift */; };
		8304A82B27A07AA3004D9CBF /* TjedniResponse.swift in Sources */ = {isa = PBXBuildFile; fileRef = 8304A82927A07AA3004D9CBF /* TjedniResponse.swift */; };
		8304A82D27A07B6B004D9CBF /* ispitiPrijavaResponse.swift in Sources */ = {isa = PBXBuildFile; fileRef = 8304A82C27A07B6B004D9CBF /* ispitiPrijavaResponse.swift */; };
		8304A82E27A07B6B004D9CBF /* ispitiPrijavaResponse.swift in Sources */ = {isa = PBXBuildFile; fileRef = 8304A82C27A07B6B004D9CBF /* ispitiPrijavaResponse.swift */; };
		8304A83027A07FC9004D9CBF /* IspitiOdjavaResponse.swift in Sources */ = {isa = PBXBuildFile; fileRef = 8304A82F27A07FC8004D9CBF /* IspitiOdjavaResponse.swift */; };
		8304A83127A07FC9004D9CBF /* IspitiOdjavaResponse.swift in Sources */ = {isa = PBXBuildFile; fileRef = 8304A82F27A07FC8004D9CBF /* IspitiOdjavaResponse.swift */; };
		8304A83327A08048004D9CBF /* KnjiznicaPodrucjaResponse.swift in Sources */ = {isa = PBXBuildFile; fileRef = 8304A83227A08048004D9CBF /* KnjiznicaPodrucjaResponse.swift */; };
		8304A83427A08048004D9CBF /* KnjiznicaPodrucjaResponse.swift in Sources */ = {isa = PBXBuildFile; fileRef = 8304A83227A08048004D9CBF /* KnjiznicaPodrucjaResponse.swift */; };
		8304A83627A080F9004D9CBF /* KnjiznicaPodrucjeOdabirResponse.swift in Sources */ = {isa = PBXBuildFile; fileRef = 8304A83527A080F9004D9CBF /* KnjiznicaPodrucjeOdabirResponse.swift */; };
		8304A83727A080F9004D9CBF /* KnjiznicaPodrucjeOdabirResponse.swift in Sources */ = {isa = PBXBuildFile; fileRef = 8304A83527A080F9004D9CBF /* KnjiznicaPodrucjeOdabirResponse.swift */; };
		8304A83927A081B5004D9CBF /* KnjiznicaPosudbaResponse.swift in Sources */ = {isa = PBXBuildFile; fileRef = 8304A83827A081B5004D9CBF /* KnjiznicaPosudbaResponse.swift */; };
		8304A83A27A081B5004D9CBF /* KnjiznicaPosudbaResponse.swift in Sources */ = {isa = PBXBuildFile; fileRef = 8304A83827A081B5004D9CBF /* KnjiznicaPosudbaResponse.swift */; };
		8304A83C27A0825B004D9CBF /* KnjiznicaVracenoResponse.swift in Sources */ = {isa = PBXBuildFile; fileRef = 8304A83B27A0825B004D9CBF /* KnjiznicaVracenoResponse.swift */; };
		8304A83D27A0825B004D9CBF /* KnjiznicaVracenoResponse.swift in Sources */ = {isa = PBXBuildFile; fileRef = 8304A83B27A0825B004D9CBF /* KnjiznicaVracenoResponse.swift */; };
		8304A83F27A082F7004D9CBF /* MaterijaliResponse.swift in Sources */ = {isa = PBXBuildFile; fileRef = 8304A83E27A082F7004D9CBF /* MaterijaliResponse.swift */; };
		8304A84027A082F7004D9CBF /* MaterijaliResponse.swift in Sources */ = {isa = PBXBuildFile; fileRef = 8304A83E27A082F7004D9CBF /* MaterijaliResponse.swift */; };
		8304A84227A08374004D9CBF /* BodoviResponse.swift in Sources */ = {isa = PBXBuildFile; fileRef = 8304A84127A08373004D9CBF /* BodoviResponse.swift */; };
		8304A84327A08374004D9CBF /* BodoviResponse.swift in Sources */ = {isa = PBXBuildFile; fileRef = 8304A84127A08373004D9CBF /* BodoviResponse.swift */; };
		8304A84527A08413004D9CBF /* PrisustvaResponse.swift in Sources */ = {isa = PBXBuildFile; fileRef = 8304A84427A08412004D9CBF /* PrisustvaResponse.swift */; };
		8304A84627A08413004D9CBF /* PrisustvaResponse.swift in Sources */ = {isa = PBXBuildFile; fileRef = 8304A84427A08412004D9CBF /* PrisustvaResponse.swift */; };
		8304A84827A08553004D9CBF /* GrupeResponse.swift in Sources */ = {isa = PBXBuildFile; fileRef = 8304A84727A08552004D9CBF /* GrupeResponse.swift */; };
		8304A84927A08553004D9CBF /* GrupeResponse.swift in Sources */ = {isa = PBXBuildFile; fileRef = 8304A84727A08552004D9CBF /* GrupeResponse.swift */; };
		8304A84B27A0859B004D9CBF /* PraksaResponse.swift in Sources */ = {isa = PBXBuildFile; fileRef = 8304A84A27A0859B004D9CBF /* PraksaResponse.swift */; };
		8304A84C27A0859B004D9CBF /* PraksaResponse.swift in Sources */ = {isa = PBXBuildFile; fileRef = 8304A84A27A0859B004D9CBF /* PraksaResponse.swift */; };
		8304A84E27A085CA004D9CBF /* MentoriResponse.swift in Sources */ = {isa = PBXBuildFile; fileRef = 8304A84D27A085CA004D9CBF /* MentoriResponse.swift */; };
		8304A84F27A085CA004D9CBF /* MentoriResponse.swift in Sources */ = {isa = PBXBuildFile; fileRef = 8304A84D27A085CA004D9CBF /* MentoriResponse.swift */; };
		8304A85127A08606004D9CBF /* FilterableProtocol.swift in Sources */ = {isa = PBXBuildFile; fileRef = 8304A85027A08606004D9CBF /* FilterableProtocol.swift */; };
		8304A85227A08607004D9CBF /* FilterableProtocol.swift in Sources */ = {isa = PBXBuildFile; fileRef = 8304A85027A08606004D9CBF /* FilterableProtocol.swift */; };
		8304A85427A09194004D9CBF /* FilterEnum.swift in Sources */ = {isa = PBXBuildFile; fileRef = 8304A85327A09194004D9CBF /* FilterEnum.swift */; };
		8304A85527A09194004D9CBF /* FilterEnum.swift in Sources */ = {isa = PBXBuildFile; fileRef = 8304A85327A09194004D9CBF /* FilterEnum.swift */; };
		8318A4A427AC50D800002BEF /* Preview Assets.xcassets in Resources */ = {isa = PBXBuildFile; fileRef = 8318A4A327AC50D800002BEF /* Preview Assets.xcassets */; };
		8318A4A527AC50D800002BEF /* Preview Assets.xcassets in Resources */ = {isa = PBXBuildFile; fileRef = 8318A4A327AC50D800002BEF /* Preview Assets.xcassets */; };
		8318A4A827AC619D00002BEF /* PreviewMainViewModel.swift in Sources */ = {isa = PBXBuildFile; fileRef = 8318A4A727AC619D00002BEF /* PreviewMainViewModel.swift */; };
		8318A4A927AC619D00002BEF /* PreviewMainViewModel.swift in Sources */ = {isa = PBXBuildFile; fileRef = 8318A4A727AC619D00002BEF /* PreviewMainViewModel.swift */; };
		8318A4AD27AC62B200002BEF /* PreviewTjedniResponse.swift in Sources */ = {isa = PBXBuildFile; fileRef = 8318A4AC27AC62B200002BEF /* PreviewTjedniResponse.swift */; };
		8318A4AE27AC62B200002BEF /* PreviewTjedniResponse.swift in Sources */ = {isa = PBXBuildFile; fileRef = 8318A4AC27AC62B200002BEF /* PreviewTjedniResponse.swift */; };
		8318A4B627AC7F4200002BEF /* Stolzl-Light.ttf in Resources */ = {isa = PBXBuildFile; fileRef = 8318A4B027AC7F4200002BEF /* Stolzl-Light.ttf */; };
		8318A4B727AC7F4200002BEF /* Stolzl-Light.ttf in Resources */ = {isa = PBXBuildFile; fileRef = 8318A4B027AC7F4200002BEF /* Stolzl-Light.ttf */; };
		8318A4B827AC7F4200002BEF /* Stolzl-Thin.ttf in Resources */ = {isa = PBXBuildFile; fileRef = 8318A4B127AC7F4200002BEF /* Stolzl-Thin.ttf */; };
		8318A4B927AC7F4200002BEF /* Stolzl-Thin.ttf in Resources */ = {isa = PBXBuildFile; fileRef = 8318A4B127AC7F4200002BEF /* Stolzl-Thin.ttf */; };
		8318A4BA27AC7F4200002BEF /* Stolzl-Medium.ttf in Resources */ = {isa = PBXBuildFile; fileRef = 8318A4B227AC7F4200002BEF /* Stolzl-Medium.ttf */; };
		8318A4BB27AC7F4200002BEF /* Stolzl-Medium.ttf in Resources */ = {isa = PBXBuildFile; fileRef = 8318A4B227AC7F4200002BEF /* Stolzl-Medium.ttf */; };
		8318A4BC27AC7F4200002BEF /* Stolzl-Bold.ttf in Resources */ = {isa = PBXBuildFile; fileRef = 8318A4B327AC7F4200002BEF /* Stolzl-Bold.ttf */; };
		8318A4BD27AC7F4200002BEF /* Stolzl-Bold.ttf in Resources */ = {isa = PBXBuildFile; fileRef = 8318A4B327AC7F4200002BEF /* Stolzl-Bold.ttf */; };
		8318A4BE27AC7F4200002BEF /* Stolzl-Book.ttf in Resources */ = {isa = PBXBuildFile; fileRef = 8318A4B427AC7F4200002BEF /* Stolzl-Book.ttf */; };
		8318A4BF27AC7F4200002BEF /* Stolzl-Book.ttf in Resources */ = {isa = PBXBuildFile; fileRef = 8318A4B427AC7F4200002BEF /* Stolzl-Book.ttf */; };
		8318A4C027AC7F4200002BEF /* Stolzl-Regular.ttf in Resources */ = {isa = PBXBuildFile; fileRef = 8318A4B527AC7F4200002BEF /* Stolzl-Regular.ttf */; };
		8318A4C127AC7F4200002BEF /* Stolzl-Regular.ttf in Resources */ = {isa = PBXBuildFile; fileRef = 8318A4B527AC7F4200002BEF /* Stolzl-Regular.ttf */; };
		83540F12279CDD670068BECB /* InfoedukaApp.swift in Sources */ = {isa = PBXBuildFile; fileRef = 83540EFF279CDD650068BECB /* InfoedukaApp.swift */; };
		83540F13279CDD670068BECB /* InfoedukaApp.swift in Sources */ = {isa = PBXBuildFile; fileRef = 83540EFF279CDD650068BECB /* InfoedukaApp.swift */; };
		83540F18279CDD670068BECB /* Assets.xcassets in Resources */ = {isa = PBXBuildFile; fileRef = 83540F02279CDD670068BECB /* Assets.xcassets */; };
		83540F19279CDD670068BECB /* Assets.xcassets in Resources */ = {isa = PBXBuildFile; fileRef = 83540F02279CDD670068BECB /* Assets.xcassets */; };
		83540F23279CE41A0068BECB /* MainView.swift in Sources */ = {isa = PBXBuildFile; fileRef = 83540F22279CE41A0068BECB /* MainView.swift */; };
		83540F24279CE41A0068BECB /* MainView.swift in Sources */ = {isa = PBXBuildFile; fileRef = 83540F22279CE41A0068BECB /* MainView.swift */; };
		83540F2A279CF0600068BECB /* LoginView.swift in Sources */ = {isa = PBXBuildFile; fileRef = 83540F29279CF0600068BECB /* LoginView.swift */; };
		83540F2B279CF0600068BECB /* LoginView.swift in Sources */ = {isa = PBXBuildFile; fileRef = 83540F29279CF0600068BECB /* LoginView.swift */; };
		8386AB3127AEA9B70069479E /* OsobnoResponse.swift in Sources */ = {isa = PBXBuildFile; fileRef = 8386AB3027AEA9B70069479E /* OsobnoResponse.swift */; };
		8386AB3227AEA9B70069479E /* OsobnoResponse.swift in Sources */ = {isa = PBXBuildFile; fileRef = 8386AB3027AEA9B70069479E /* OsobnoResponse.swift */; };
		83973D2B27AD5D0600DD120D /* GradientExtension.swift in Sources */ = {isa = PBXBuildFile; fileRef = 83973D2A27AD5D0600DD120D /* GradientExtension.swift */; };
		83973D2D27AD69BB00DD120D /* ColorExtension.swift in Sources */ = {isa = PBXBuildFile; fileRef = 83973D2C27AD69BB00DD120D /* ColorExtension.swift */; };
		83973D2F27AD6FC100DD120D /* Documentation.docc in Sources */ = {isa = PBXBuildFile; fileRef = 83973D2E27AD6FC000DD120D /* Documentation.docc */; };
		83973D3127AD725600DD120D /* FontExtension.swift in Sources */ = {isa = PBXBuildFile; fileRef = 83973D3027AD725600DD120D /* FontExtension.swift */; };
		83973D3227AD725600DD120D /* FontExtension.swift in Sources */ = {isa = PBXBuildFile; fileRef = 83973D3027AD725600DD120D /* FontExtension.swift */; };
		83973D3327AD726D00DD120D /* ColorExtension.swift in Sources */ = {isa = PBXBuildFile; fileRef = 83973D2C27AD69BB00DD120D /* ColorExtension.swift */; };
		83973D3427AD727000DD120D /* GradientExtension.swift in Sources */ = {isa = PBXBuildFile; fileRef = 83973D2A27AD5D0600DD120D /* GradientExtension.swift */; };
		83A0219B27A95B7E00A517AF /* UserDefaults.swift in Sources */ = {isa = PBXBuildFile; fileRef = 83A0219A27A95B7E00A517AF /* UserDefaults.swift */; };
		83A0219D27AAEC8700A517AF /* LaunchViewModel.swift in Sources */ = {isa = PBXBuildFile; fileRef = 83A0219C27AAEC8700A517AF /* LaunchViewModel.swift */; };
		83A0219E27AAEC9600A517AF /* LaunchViewModel.swift in Sources */ = {isa = PBXBuildFile; fileRef = 83A0219C27AAEC8700A517AF /* LaunchViewModel.swift */; };
		83A021A127AB19F900A517AF /* DateParser.swift in Sources */ = {isa = PBXBuildFile; fileRef = 83A021A027AB19F900A517AF /* DateParser.swift */; };
		83A021A427AB4A9F00A517AF /* HomeTabView.swift in Sources */ = {isa = PBXBuildFile; fileRef = 83A021A327AB4A9F00A517AF /* HomeTabView.swift */; };
		83A021A627AB4D2800A517AF /* SubjectsTabView.swift in Sources */ = {isa = PBXBuildFile; fileRef = 83A021A527AB4D2800A517AF /* SubjectsTabView.swift */; };
		83A021A827AB4D3500A517AF /* ExamsTabView.swift in Sources */ = {isa = PBXBuildFile; fileRef = 83A021A727AB4D3500A517AF /* ExamsTabView.swift */; };
		83A021AA27AB4D4100A517AF /* ScheduleTabView.swift in Sources */ = {isa = PBXBuildFile; fileRef = 83A021A927AB4D4100A517AF /* ScheduleTabView.swift */; };
		83A021AC27AB4D4C00A517AF /* MeTabView.swift in Sources */ = {isa = PBXBuildFile; fileRef = 83A021AB27AB4D4C00A517AF /* MeTabView.swift */; };
		83C2761727B00E77009FDB8E /* DateExtension.swift in Sources */ = {isa = PBXBuildFile; fileRef = 83C2761627B00E76009FDB8E /* DateExtension.swift */; };
		83C2761A27B01CEE009FDB8E /* TabBarAccessor.swift in Sources */ = {isa = PBXBuildFile; fileRef = 83C2761927B01CEE009FDB8E /* TabBarAccessor.swift */; };
		83D0E4B327A734A1004E924A /* VijestiBackgroundRefershTask.swift in Sources */ = {isa = PBXBuildFile; fileRef = 83D0E4B227A734A1004E924A /* VijestiBackgroundRefershTask.swift */; };
		83D0E4B627A7416B004E924A /* LocalNotificationManager.swift in Sources */ = {isa = PBXBuildFile; fileRef = 83D0E4B527A7416B004E924A /* LocalNotificationManager.swift */; };
		83D0E4B827A8705F004E924A /* KeychainAccess.swift in Sources */ = {isa = PBXBuildFile; fileRef = 83D0E4B727A8705F004E924A /* KeychainAccess.swift */; };
/* End PBXBuildFile section */

/* Begin PBXFileReference section */
		8304A7F9279DB0F2004D9CBF /* InfoedukaHttpRequest.swift */ = {isa = PBXFileReference; lastKnownFileType = sourcecode.swift; path = InfoedukaHttpRequest.swift; sourceTree = "<group>"; };
		8304A7FC279DB156004D9CBF /* InfoedukaHttpEndpoints.swift */ = {isa = PBXFileReference; lastKnownFileType = sourcecode.swift; path = InfoedukaHttpEndpoints.swift; sourceTree = "<group>"; };
		8304A800279DC2EF004D9CBF /* LoginResponse.swift */ = {isa = PBXFileReference; lastKnownFileType = sourcecode.swift; path = LoginResponse.swift; sourceTree = "<group>"; };
		8304A803279E4001004D9CBF /* VijestiTagoviResponse.swift */ = {isa = PBXFileReference; lastKnownFileType = sourcecode.swift; path = VijestiTagoviResponse.swift; sourceTree = "<group>"; };
		8304A806279E419C004D9CBF /* JsonHelper.swift */ = {isa = PBXFileReference; lastKnownFileType = sourcecode.swift; path = JsonHelper.swift; sourceTree = "<group>"; };
		8304A809279E4680004D9CBF /* SessionTracker.swift */ = {isa = PBXFileReference; lastKnownFileType = sourcecode.swift; path = SessionTracker.swift; sourceTree = "<group>"; };
		8304A80D279E5144004D9CBF /* NSRegularExpressionExtension.swift */ = {isa = PBXFileReference; lastKnownFileType = sourcecode.swift; path = NSRegularExpressionExtension.swift; sourceTree = "<group>"; };
		8304A810279E5178004D9CBF /* StringExtension.swift */ = {isa = PBXFileReference; lastKnownFileType = sourcecode.swift; path = StringExtension.swift; sourceTree = "<group>"; };
		8304A813279F0AAB004D9CBF /* ResponseProtocol.swift */ = {isa = PBXFileReference; lastKnownFileType = sourcecode.swift; path = ResponseProtocol.swift; sourceTree = "<group>"; };
		8304A817279F2862004D9CBF /* LoginViewModel.swift */ = {isa = PBXFileReference; lastKnownFileType = sourcecode.swift; path = LoginViewModel.swift; sourceTree = "<group>"; };
		8304A81A279F2B6C004D9CBF /* MainViewModel.swift */ = {isa = PBXFileReference; lastKnownFileType = sourcecode.swift; path = MainViewModel.swift; sourceTree = "<group>"; };
		8304A81D279F2D7F004D9CBF /* CredentialsManager.swift */ = {isa = PBXFileReference; lastKnownFileType = sourcecode.swift; path = CredentialsManager.swift; sourceTree = "<group>"; };
		8304A82227A079A2004D9CBF /* KategorijeResponse.swift */ = {isa = PBXFileReference; lastKnownFileType = sourcecode.swift; path = KategorijeResponse.swift; sourceTree = "<group>"; };
		8304A82627A07A56004D9CBF /* VijestiResponse.swift */ = {isa = PBXFileReference; lastKnownFileType = sourcecode.swift; path = VijestiResponse.swift; sourceTree = "<group>"; };
		8304A82927A07AA3004D9CBF /* TjedniResponse.swift */ = {isa = PBXFileReference; lastKnownFileType = sourcecode.swift; path = TjedniResponse.swift; sourceTree = "<group>"; };
		8304A82C27A07B6B004D9CBF /* ispitiPrijavaResponse.swift */ = {isa = PBXFileReference; lastKnownFileType = sourcecode.swift; path = ispitiPrijavaResponse.swift; sourceTree = "<group>"; };
		8304A82F27A07FC8004D9CBF /* IspitiOdjavaResponse.swift */ = {isa = PBXFileReference; lastKnownFileType = sourcecode.swift; path = IspitiOdjavaResponse.swift; sourceTree = "<group>"; };
		8304A83227A08048004D9CBF /* KnjiznicaPodrucjaResponse.swift */ = {isa = PBXFileReference; lastKnownFileType = sourcecode.swift; path = KnjiznicaPodrucjaResponse.swift; sourceTree = "<group>"; };
		8304A83527A080F9004D9CBF /* KnjiznicaPodrucjeOdabirResponse.swift */ = {isa = PBXFileReference; lastKnownFileType = sourcecode.swift; path = KnjiznicaPodrucjeOdabirResponse.swift; sourceTree = "<group>"; };
		8304A83827A081B5004D9CBF /* KnjiznicaPosudbaResponse.swift */ = {isa = PBXFileReference; lastKnownFileType = sourcecode.swift; path = KnjiznicaPosudbaResponse.swift; sourceTree = "<group>"; };
		8304A83B27A0825B004D9CBF /* KnjiznicaVracenoResponse.swift */ = {isa = PBXFileReference; lastKnownFileType = sourcecode.swift; path = KnjiznicaVracenoResponse.swift; sourceTree = "<group>"; };
		8304A83E27A082F7004D9CBF /* MaterijaliResponse.swift */ = {isa = PBXFileReference; lastKnownFileType = sourcecode.swift; path = MaterijaliResponse.swift; sourceTree = "<group>"; };
		8304A84127A08373004D9CBF /* BodoviResponse.swift */ = {isa = PBXFileReference; lastKnownFileType = sourcecode.swift; path = BodoviResponse.swift; sourceTree = "<group>"; };
		8304A84427A08412004D9CBF /* PrisustvaResponse.swift */ = {isa = PBXFileReference; lastKnownFileType = sourcecode.swift; path = PrisustvaResponse.swift; sourceTree = "<group>"; };
		8304A84727A08552004D9CBF /* GrupeResponse.swift */ = {isa = PBXFileReference; lastKnownFileType = sourcecode.swift; path = GrupeResponse.swift; sourceTree = "<group>"; };
		8304A84A27A0859B004D9CBF /* PraksaResponse.swift */ = {isa = PBXFileReference; lastKnownFileType = sourcecode.swift; path = PraksaResponse.swift; sourceTree = "<group>"; };
		8304A84D27A085CA004D9CBF /* MentoriResponse.swift */ = {isa = PBXFileReference; lastKnownFileType = sourcecode.swift; path = MentoriResponse.swift; sourceTree = "<group>"; };
		8304A85027A08606004D9CBF /* FilterableProtocol.swift */ = {isa = PBXFileReference; lastKnownFileType = sourcecode.swift; path = FilterableProtocol.swift; sourceTree = "<group>"; };
		8304A85327A09194004D9CBF /* FilterEnum.swift */ = {isa = PBXFileReference; lastKnownFileType = sourcecode.swift; path = FilterEnum.swift; sourceTree = "<group>"; };
		8318A4A327AC50D800002BEF /* Preview Assets.xcassets */ = {isa = PBXFileReference; lastKnownFileType = folder.assetcatalog; path = "Preview Assets.xcassets"; sourceTree = "<group>"; };
		8318A4A727AC619D00002BEF /* PreviewMainViewModel.swift */ = {isa = PBXFileReference; lastKnownFileType = sourcecode.swift; path = PreviewMainViewModel.swift; sourceTree = "<group>"; };
		8318A4AC27AC62B200002BEF /* PreviewTjedniResponse.swift */ = {isa = PBXFileReference; lastKnownFileType = sourcecode.swift; path = PreviewTjedniResponse.swift; sourceTree = "<group>"; };
		8318A4B027AC7F4200002BEF /* Stolzl-Light.ttf */ = {isa = PBXFileReference; lastKnownFileType = file; path = "Stolzl-Light.ttf"; sourceTree = "<group>"; };
		8318A4B127AC7F4200002BEF /* Stolzl-Thin.ttf */ = {isa = PBXFileReference; lastKnownFileType = file; path = "Stolzl-Thin.ttf"; sourceTree = "<group>"; };
		8318A4B227AC7F4200002BEF /* Stolzl-Medium.ttf */ = {isa = PBXFileReference; lastKnownFileType = file; path = "Stolzl-Medium.ttf"; sourceTree = "<group>"; };
		8318A4B327AC7F4200002BEF /* Stolzl-Bold.ttf */ = {isa = PBXFileReference; lastKnownFileType = file; name = "Stolzl-Bold.ttf"; path = "Shared/Fonts/Stolzl-Bold.ttf"; sourceTree = SOURCE_ROOT; };
		8318A4B427AC7F4200002BEF /* Stolzl-Book.ttf */ = {isa = PBXFileReference; lastKnownFileType = file; path = "Stolzl-Book.ttf"; sourceTree = "<group>"; };
		8318A4B527AC7F4200002BEF /* Stolzl-Regular.ttf */ = {isa = PBXFileReference; lastKnownFileType = file; path = "Stolzl-Regular.ttf"; sourceTree = "<group>"; };
		83540EFF279CDD650068BECB /* InfoedukaApp.swift */ = {isa = PBXFileReference; lastKnownFileType = sourcecode.swift; path = InfoedukaApp.swift; sourceTree = "<group>"; };
		83540F02279CDD670068BECB /* Assets.xcassets */ = {isa = PBXFileReference; lastKnownFileType = folder.assetcatalog; path = Assets.xcassets; sourceTree = "<group>"; };
		83540F07279CDD670068BECB /* Infoeduka.app */ = {isa = PBXFileReference; explicitFileType = wrapper.application; includeInIndex = 0; path = Infoeduka.app; sourceTree = BUILT_PRODUCTS_DIR; };
		83540F0D279CDD670068BECB /* Infoeduka.app */ = {isa = PBXFileReference; explicitFileType = wrapper.application; includeInIndex = 0; path = Infoeduka.app; sourceTree = BUILT_PRODUCTS_DIR; };
		83540F0F279CDD670068BECB /* macOS.entitlements */ = {isa = PBXFileReference; lastKnownFileType = text.plist.entitlements; path = macOS.entitlements; sourceTree = "<group>"; };
		83540F22279CE41A0068BECB /* MainView.swift */ = {isa = PBXFileReference; lastKnownFileType = sourcecode.swift; path = MainView.swift; sourceTree = "<group>"; };
		83540F29279CF0600068BECB /* LoginView.swift */ = {isa = PBXFileReference; lastKnownFileType = sourcecode.swift; path = LoginView.swift; sourceTree = "<group>"; };
		8386AB3027AEA9B70069479E /* OsobnoResponse.swift */ = {isa = PBXFileReference; lastKnownFileType = sourcecode.swift; path = OsobnoResponse.swift; sourceTree = "<group>"; };
		83973D2A27AD5D0600DD120D /* GradientExtension.swift */ = {isa = PBXFileReference; lastKnownFileType = sourcecode.swift; path = GradientExtension.swift; sourceTree = "<group>"; };
		83973D2C27AD69BB00DD120D /* ColorExtension.swift */ = {isa = PBXFileReference; lastKnownFileType = sourcecode.swift; path = ColorExtension.swift; sourceTree = "<group>"; };
		83973D2E27AD6FC000DD120D /* Documentation.docc */ = {isa = PBXFileReference; lastKnownFileType = folder.documentationcatalog; path = Documentation.docc; sourceTree = "<group>"; };
		83973D3027AD725600DD120D /* FontExtension.swift */ = {isa = PBXFileReference; lastKnownFileType = sourcecode.swift; path = FontExtension.swift; sourceTree = "<group>"; };
		83A0219A27A95B7E00A517AF /* UserDefaults.swift */ = {isa = PBXFileReference; lastKnownFileType = sourcecode.swift; path = UserDefaults.swift; sourceTree = "<group>"; };
		83A0219C27AAEC8700A517AF /* LaunchViewModel.swift */ = {isa = PBXFileReference; lastKnownFileType = sourcecode.swift; name = LaunchViewModel.swift; path = Shared/ViewModel/LaunchViewModel.swift; sourceTree = SOURCE_ROOT; };
		83A021A027AB19F900A517AF /* DateParser.swift */ = {isa = PBXFileReference; lastKnownFileType = sourcecode.swift; path = DateParser.swift; sourceTree = "<group>"; };
		83A021A327AB4A9F00A517AF /* HomeTabView.swift */ = {isa = PBXFileReference; lastKnownFileType = sourcecode.swift; path = HomeTabView.swift; sourceTree = "<group>"; };
		83A021A527AB4D2800A517AF /* SubjectsTabView.swift */ = {isa = PBXFileReference; lastKnownFileType = sourcecode.swift; path = SubjectsTabView.swift; sourceTree = "<group>"; };
		83A021A727AB4D3500A517AF /* ExamsTabView.swift */ = {isa = PBXFileReference; lastKnownFileType = sourcecode.swift; path = ExamsTabView.swift; sourceTree = "<group>"; };
		83A021A927AB4D4100A517AF /* ScheduleTabView.swift */ = {isa = PBXFileReference; lastKnownFileType = sourcecode.swift; path = ScheduleTabView.swift; sourceTree = "<group>"; };
		83A021AB27AB4D4C00A517AF /* MeTabView.swift */ = {isa = PBXFileReference; lastKnownFileType = sourcecode.swift; path = MeTabView.swift; sourceTree = "<group>"; };
		83C2761627B00E76009FDB8E /* DateExtension.swift */ = {isa = PBXFileReference; lastKnownFileType = sourcecode.swift; path = DateExtension.swift; sourceTree = "<group>"; };
		83C2761927B01CEE009FDB8E /* TabBarAccessor.swift */ = {isa = PBXFileReference; lastKnownFileType = sourcecode.swift; path = TabBarAccessor.swift; sourceTree = "<group>"; };
		83D0E4B227A734A1004E924A /* VijestiBackgroundRefershTask.swift */ = {isa = PBXFileReference; lastKnownFileType = sourcecode.swift; path = VijestiBackgroundRefershTask.swift; sourceTree = "<group>"; };
		83D0E4B527A7416B004E924A /* LocalNotificationManager.swift */ = {isa = PBXFileReference; lastKnownFileType = sourcecode.swift; path = LocalNotificationManager.swift; sourceTree = "<group>"; };
		83D0E4B727A8705F004E924A /* KeychainAccess.swift */ = {isa = PBXFileReference; lastKnownFileType = sourcecode.swift; path = KeychainAccess.swift; sourceTree = "<group>"; };
/* End PBXFileReference section */

/* Begin PBXFrameworksBuildPhase section */
		83540F04279CDD670068BECB /* Frameworks */ = {
			isa = PBXFrameworksBuildPhase;
			buildActionMask = 2147483647;
			files = (
			);
			runOnlyForDeploymentPostprocessing = 0;
		};
		83540F0A279CDD670068BECB /* Frameworks */ = {
			isa = PBXFrameworksBuildPhase;
			buildActionMask = 2147483647;
			files = (
			);
			runOnlyForDeploymentPostprocessing = 0;
		};
/* End PBXFrameworksBuildPhase section */

/* Begin PBXGroup section */
		8304A7F8279CF33F004D9CBF /* HTTP */ = {
			isa = PBXGroup;
			children = (
				8304A7FF279DC2CD004D9CBF /* ResponseModel */,
				8304A7F9279DB0F2004D9CBF /* InfoedukaHttpRequest.swift */,
				8304A7FC279DB156004D9CBF /* InfoedukaHttpEndpoints.swift */,
				8304A809279E4680004D9CBF /* SessionTracker.swift */,
			);
			path = HTTP;
			sourceTree = "<group>";
		};
		8304A7FF279DC2CD004D9CBF /* ResponseModel */ = {
			isa = PBXGroup;
			children = (
				8304A82527A07A1F004D9CBF /* Responses */,
				8304A806279E419C004D9CBF /* JsonHelper.swift */,
				8304A813279F0AAB004D9CBF /* ResponseProtocol.swift */,
				8304A85027A08606004D9CBF /* FilterableProtocol.swift */,
				8304A85327A09194004D9CBF /* FilterEnum.swift */,
			);
			path = ResponseModel;
			sourceTree = "<group>";
		};
		8304A80C279E512F004D9CBF /* Regex */ = {
			isa = PBXGroup;
			children = (
				8304A80D279E5144004D9CBF /* NSRegularExpressionExtension.swift */,
				8304A810279E5178004D9CBF /* StringExtension.swift */,
			);
			path = Regex;
			sourceTree = "<group>";
		};
		8304A816279F27F1004D9CBF /* ViewModel */ = {
			isa = PBXGroup;
			children = (
				83A0219C27AAEC8700A517AF /* LaunchViewModel.swift */,
				8304A817279F2862004D9CBF /* LoginViewModel.swift */,
				8304A81A279F2B6C004D9CBF /* MainViewModel.swift */,
			);
			path = ViewModel;
			sourceTree = "<group>";
		};
		8304A820279F2D86004D9CBF /* Credentials */ = {
			isa = PBXGroup;
			children = (
				8304A81D279F2D7F004D9CBF /* CredentialsManager.swift */,
			);
			path = Credentials;
			sourceTree = "<group>";
		};
		8304A821279F3516004D9CBF /* Views */ = {
			isa = PBXGroup;
			children = (
				83973D2927AD5CEF00DD120D /* ViewExtensions */,
				83540F29279CF0600068BECB /* LoginView.swift */,
				83540F22279CE41A0068BECB /* MainView.swift */,
				83A021A327AB4A9F00A517AF /* HomeTabView.swift */,
				83A021A527AB4D2800A517AF /* SubjectsTabView.swift */,
				83A021A727AB4D3500A517AF /* ExamsTabView.swift */,
				83A021A927AB4D4100A517AF /* ScheduleTabView.swift */,
				83A021AB27AB4D4C00A517AF /* MeTabView.swift */,
			);
			path = Views;
			sourceTree = "<group>";
		};
		8304A82527A07A1F004D9CBF /* Responses */ = {
			isa = PBXGroup;
			children = (
				8304A800279DC2EF004D9CBF /* LoginResponse.swift */,
				8304A803279E4001004D9CBF /* VijestiTagoviResponse.swift */,
				8304A82227A079A2004D9CBF /* KategorijeResponse.swift */,
				8304A82627A07A56004D9CBF /* VijestiResponse.swift */,
				8304A82927A07AA3004D9CBF /* TjedniResponse.swift */,
				8304A82C27A07B6B004D9CBF /* ispitiPrijavaResponse.swift */,
				8304A82F27A07FC8004D9CBF /* IspitiOdjavaResponse.swift */,
				8304A83227A08048004D9CBF /* KnjiznicaPodrucjaResponse.swift */,
				8304A83527A080F9004D9CBF /* KnjiznicaPodrucjeOdabirResponse.swift */,
				8304A83827A081B5004D9CBF /* KnjiznicaPosudbaResponse.swift */,
				8304A83B27A0825B004D9CBF /* KnjiznicaVracenoResponse.swift */,
				8304A83E27A082F7004D9CBF /* MaterijaliResponse.swift */,
				8304A84127A08373004D9CBF /* BodoviResponse.swift */,
				8304A84427A08412004D9CBF /* PrisustvaResponse.swift */,
				8304A84727A08552004D9CBF /* GrupeResponse.swift */,
				8304A84A27A0859B004D9CBF /* PraksaResponse.swift */,
				8304A84D27A085CA004D9CBF /* MentoriResponse.swift */,
				8386AB3027AEA9B70069479E /* OsobnoResponse.swift */,
			);
			path = Responses;
			sourceTree = "<group>";
		};
		8318A4A227AC50A900002BEF /* Preview Content */ = {
			isa = PBXGroup;
			children = (
				8318A4AB27AC629600002BEF /* HTTP */,
				8318A4A627AC618B00002BEF /* ViewModels */,
				8318A4A327AC50D800002BEF /* Preview Assets.xcassets */,
			);
			path = "Preview Content";
			sourceTree = "<group>";
		};
		8318A4A627AC618B00002BEF /* ViewModels */ = {
			isa = PBXGroup;
			children = (
				8318A4A727AC619D00002BEF /* PreviewMainViewModel.swift */,
			);
			path = ViewModels;
			sourceTree = "<group>";
		};
		8318A4AA27AC627E00002BEF /* Responses */ = {
			isa = PBXGroup;
			children = (
				8318A4AC27AC62B200002BEF /* PreviewTjedniResponse.swift */,
			);
			path = Responses;
			sourceTree = "<group>";
		};
		8318A4AB27AC629600002BEF /* HTTP */ = {
			isa = PBXGroup;
			children = (
				8318A4AA27AC627E00002BEF /* Responses */,
			);
			path = HTTP;
			sourceTree = "<group>";
		};
		8318A4AF27AC7EC500002BEF /* Fonts */ = {
			isa = PBXGroup;
			children = (
				8318A4B327AC7F4200002BEF /* Stolzl-Bold.ttf */,
				8318A4B427AC7F4200002BEF /* Stolzl-Book.ttf */,
				8318A4B027AC7F4200002BEF /* Stolzl-Light.ttf */,
				8318A4B227AC7F4200002BEF /* Stolzl-Medium.ttf */,
				8318A4B527AC7F4200002BEF /* Stolzl-Regular.ttf */,
				8318A4B127AC7F4200002BEF /* Stolzl-Thin.ttf */,
			);
			path = Fonts;
			sourceTree = "<group>";
		};
		83540EF7279CDD640068BECB = {
			isa = PBXGroup;
			children = (
				83540F28279CE9540068BECB /* iOS */,
				83540EFC279CDD650068BECB /* Shared */,
				83540F0E279CDD670068BECB /* macOS */,
				83540F08279CDD670068BECB /* Products */,
			);
			sourceTree = "<group>";
		};
		83540EFC279CDD650068BECB /* Shared */ = {
			isa = PBXGroup;
			children = (
				83C2761527B00E66009FDB8E /* Extensions */,
				8318A4AF27AC7EC500002BEF /* Fonts */,
				8318A4A227AC50A900002BEF /* Preview Content */,
				83A0219F27AB19E900A517AF /* Parsing */,
				83A0219927A95B5F00A517AF /* DataManagement */,
				83D0E4B927A87065004E924A /* Keychain */,
				83D0E4B427A74154004E924A /* Notifications */,
				8304A821279F3516004D9CBF /* Views */,
				8304A820279F2D86004D9CBF /* Credentials */,
				8304A816279F27F1004D9CBF /* ViewModel */,
				8304A80C279E512F004D9CBF /* Regex */,
				8304A7F8279CF33F004D9CBF /* HTTP */,
				83540EFF279CDD650068BECB /* InfoedukaApp.swift */,
				83540F02279CDD670068BECB /* Assets.xcassets */,
				83973D2E27AD6FC000DD120D /* Documentation.docc */,
			);
			path = Shared;
			sourceTree = "<group>";
		};
		83540F08279CDD670068BECB /* Products */ = {
			isa = PBXGroup;
			children = (
				83540F07279CDD670068BECB /* Infoeduka.app */,
				83540F0D279CDD670068BECB /* Infoeduka.app */,
			);
			name = Products;
			sourceTree = "<group>";
		};
		83540F0E279CDD670068BECB /* macOS */ = {
			isa = PBXGroup;
			children = (
				83540F0F279CDD670068BECB /* macOS.entitlements */,
			);
			path = macOS;
			sourceTree = "<group>";
		};
		83540F28279CE9540068BECB /* iOS */ = {
			isa = PBXGroup;
			children = (
				83D0E4B127A73450004E924A /* Tasks */,
			);
			path = iOS;
			sourceTree = "<group>";
		};
		83973D2927AD5CEF00DD120D /* ViewExtensions */ = {
			isa = PBXGroup;
			children = (
				83973D2A27AD5D0600DD120D /* GradientExtension.swift */,
				83973D2C27AD69BB00DD120D /* ColorExtension.swift */,
				83973D3027AD725600DD120D /* FontExtension.swift */,
				83C2761927B01CEE009FDB8E /* TabBarAccessor.swift */,
			);
			path = ViewExtensions;
			sourceTree = "<group>";
		};
		83A0219927A95B5F00A517AF /* DataManagement */ = {
			isa = PBXGroup;
			children = (
				83A0219A27A95B7E00A517AF /* UserDefaults.swift */,
			);
			path = DataManagement;
			sourceTree = "<group>";
		};
		83A0219F27AB19E900A517AF /* Parsing */ = {
			isa = PBXGroup;
			children = (
				83A021A027AB19F900A517AF /* DateParser.swift */,
			);
			path = Parsing;
			sourceTree = "<group>";
		};
		83C2761527B00E66009FDB8E /* Extensions */ = {
			isa = PBXGroup;
			children = (
				83C2761627B00E76009FDB8E /* DateExtension.swift */,
			);
			path = Extensions;
			sourceTree = "<group>";
		};
		83D0E4B127A73450004E924A /* Tasks */ = {
			isa = PBXGroup;
			children = (
				83D0E4B227A734A1004E924A /* VijestiBackgroundRefershTask.swift */,
			);
			path = Tasks;
			sourceTree = "<group>";
		};
		83D0E4B427A74154004E924A /* Notifications */ = {
			isa = PBXGroup;
			children = (
				83D0E4B527A7416B004E924A /* LocalNotificationManager.swift */,
			);
			path = Notifications;
			sourceTree = "<group>";
		};
		83D0E4B927A87065004E924A /* Keychain */ = {
			isa = PBXGroup;
			children = (
				83D0E4B727A8705F004E924A /* KeychainAccess.swift */,
			);
			path = Keychain;
			sourceTree = "<group>";
		};
/* End PBXGroup section */

/* Begin PBXNativeTarget section */
		83540F06279CDD670068BECB /* Infoeduka (iOS) */ = {
			isa = PBXNativeTarget;
			buildConfigurationList = 83540F1C279CDD670068BECB /* Build configuration list for PBXNativeTarget "Infoeduka (iOS)" */;
			buildPhases = (
				83540F03279CDD670068BECB /* Sources */,
				83540F04279CDD670068BECB /* Frameworks */,
				83540F05279CDD670068BECB /* Resources */,
			);
			buildRules = (
			);
			dependencies = (
			);
			name = "Infoeduka (iOS)";
			productName = "Infoeduka (iOS)";
			productReference = 83540F07279CDD670068BECB /* Infoeduka.app */;
			productType = "com.apple.product-type.application";
		};
		83540F0C279CDD670068BECB /* Infoeduka (macOS) */ = {
			isa = PBXNativeTarget;
			buildConfigurationList = 83540F1F279CDD670068BECB /* Build configuration list for PBXNativeTarget "Infoeduka (macOS)" */;
			buildPhases = (
				83540F09279CDD670068BECB /* Sources */,
				83540F0A279CDD670068BECB /* Frameworks */,
				83540F0B279CDD670068BECB /* Resources */,
			);
			buildRules = (
			);
			dependencies = (
			);
			name = "Infoeduka (macOS)";
			productName = "Infoeduka (macOS)";
			productReference = 83540F0D279CDD670068BECB /* Infoeduka.app */;
			productType = "com.apple.product-type.application";
		};
/* End PBXNativeTarget section */

/* Begin PBXProject section */
		83540EF8279CDD640068BECB /* Project object */ = {
			isa = PBXProject;
			attributes = {
				BuildIndependentTargetsInParallel = 1;
				LastSwiftUpdateCheck = 1320;
				LastUpgradeCheck = 1320;
				TargetAttributes = {
					83540F06279CDD670068BECB = {
						CreatedOnToolsVersion = 13.2.1;
					};
					83540F0C279CDD670068BECB = {
						CreatedOnToolsVersion = 13.2.1;
					};
				};
			};
			buildConfigurationList = 83540EFB279CDD640068BECB /* Build configuration list for PBXProject "Infoeduka" */;
			compatibilityVersion = "Xcode 13.0";
			developmentRegion = en;
			hasScannedForEncodings = 0;
			knownRegions = (
				en,
				Base,
			);
			mainGroup = 83540EF7279CDD640068BECB;
			productRefGroup = 83540F08279CDD670068BECB /* Products */;
			projectDirPath = "";
			projectRoot = "";
			targets = (
				83540F06279CDD670068BECB /* Infoeduka (iOS) */,
				83540F0C279CDD670068BECB /* Infoeduka (macOS) */,
			);
		};
/* End PBXProject section */

/* Begin PBXResourcesBuildPhase section */
		83540F05279CDD670068BECB /* Resources */ = {
			isa = PBXResourcesBuildPhase;
			buildActionMask = 2147483647;
			files = (
				8318A4BE27AC7F4200002BEF /* Stolzl-Book.ttf in Resources */,
				8318A4A427AC50D800002BEF /* Preview Assets.xcassets in Resources */,
				83540F18279CDD670068BECB /* Assets.xcassets in Resources */,
				8318A4B627AC7F4200002BEF /* Stolzl-Light.ttf in Resources */,
				8318A4B827AC7F4200002BEF /* Stolzl-Thin.ttf in Resources */,
				8318A4C027AC7F4200002BEF /* Stolzl-Regular.ttf in Resources */,
				8318A4BA27AC7F4200002BEF /* Stolzl-Medium.ttf in Resources */,
				8318A4BC27AC7F4200002BEF /* Stolzl-Bold.ttf in Resources */,
			);
			runOnlyForDeploymentPostprocessing = 0;
		};
		83540F0B279CDD670068BECB /* Resources */ = {
			isa = PBXResourcesBuildPhase;
			buildActionMask = 2147483647;
			files = (
				8318A4BF27AC7F4200002BEF /* Stolzl-Book.ttf in Resources */,
				8318A4A527AC50D800002BEF /* Preview Assets.xcassets in Resources */,
				83540F19279CDD670068BECB /* Assets.xcassets in Resources */,
				8318A4B727AC7F4200002BEF /* Stolzl-Light.ttf in Resources */,
				8318A4B927AC7F4200002BEF /* Stolzl-Thin.ttf in Resources */,
				8318A4C127AC7F4200002BEF /* Stolzl-Regular.ttf in Resources */,
				8318A4BB27AC7F4200002BEF /* Stolzl-Medium.ttf in Resources */,
				8318A4BD27AC7F4200002BEF /* Stolzl-Bold.ttf in Resources */,
			);
			runOnlyForDeploymentPostprocessing = 0;
		};
/* End PBXResourcesBuildPhase section */

/* Begin PBXSourcesBuildPhase section */
		83540F03279CDD670068BECB /* Sources */ = {
			isa = PBXSourcesBuildPhase;
			buildActionMask = 2147483647;
			files = (
				8304A804279E4001004D9CBF /* VijestiTagoviResponse.swift in Sources */,
				83C2761727B00E77009FDB8E /* DateExtension.swift in Sources */,
				8304A83627A080F9004D9CBF /* KnjiznicaPodrucjeOdabirResponse.swift in Sources */,
				83D0E4B627A7416B004E924A /* LocalNotificationManager.swift in Sources */,
				83A021A427AB4A9F00A517AF /* HomeTabView.swift in Sources */,
				8304A84B27A0859B004D9CBF /* PraksaResponse.swift in Sources */,
				8304A7FA279DB0F2004D9CBF /* InfoedukaHttpRequest.swift in Sources */,
				83540F2A279CF0600068BECB /* LoginView.swift in Sources */,
				8304A80E279E5144004D9CBF /* NSRegularExpressionExtension.swift in Sources */,
				83A021AC27AB4D4C00A517AF /* MeTabView.swift in Sources */,
				8304A85427A09194004D9CBF /* FilterEnum.swift in Sources */,
				8318A4AD27AC62B200002BEF /* PreviewTjedniResponse.swift in Sources */,
				8304A801279DC2F0004D9CBF /* LoginResponse.swift in Sources */,
				8304A85127A08606004D9CBF /* FilterableProtocol.swift in Sources */,
				8304A81E279F2D7F004D9CBF /* CredentialsManager.swift in Sources */,
				8304A82A27A07AA3004D9CBF /* TjedniResponse.swift in Sources */,
				8304A7FD279DB156004D9CBF /* InfoedukaHttpEndpoints.swift in Sources */,
				8304A82327A079A3004D9CBF /* KategorijeResponse.swift in Sources */,
				83C2761A27B01CEE009FDB8E /* TabBarAccessor.swift in Sources */,
				83973D2D27AD69BB00DD120D /* ColorExtension.swift in Sources */,
				83D0E4B327A734A1004E924A /* VijestiBackgroundRefershTask.swift in Sources */,
				83973D2F27AD6FC100DD120D /* Documentation.docc in Sources */,
				8304A814279F0AAC004D9CBF /* ResponseProtocol.swift in Sources */,
				8304A84227A08374004D9CBF /* BodoviResponse.swift in Sources */,
				8304A83327A08048004D9CBF /* KnjiznicaPodrucjaResponse.swift in Sources */,
				8304A81B279F2B6C004D9CBF /* MainViewModel.swift in Sources */,
				83A021A827AB4D3500A517AF /* ExamsTabView.swift in Sources */,
				83A0219D27AAEC8700A517AF /* LaunchViewModel.swift in Sources */,
				83A021A627AB4D2800A517AF /* SubjectsTabView.swift in Sources */,
				8318A4A827AC619D00002BEF /* PreviewMainViewModel.swift in Sources */,
				8304A83027A07FC9004D9CBF /* IspitiOdjavaResponse.swift in Sources */,
				8304A83F27A082F7004D9CBF /* MaterijaliResponse.swift in Sources */,
				83973D3127AD725600DD120D /* FontExtension.swift in Sources */,
				8304A84827A08553004D9CBF /* GrupeResponse.swift in Sources */,
				8304A80A279E4680004D9CBF /* SessionTracker.swift in Sources */,
				8304A818279F2863004D9CBF /* LoginViewModel.swift in Sources */,
				8304A807279E419C004D9CBF /* JsonHelper.swift in Sources */,
				83540F12279CDD670068BECB /* InfoedukaApp.swift in Sources */,
				8304A82727A07A56004D9CBF /* VijestiResponse.swift in Sources */,
				83A021A127AB19F900A517AF /* DateParser.swift in Sources */,
				8304A811279E5178004D9CBF /* StringExtension.swift in Sources */,
				8304A83927A081B5004D9CBF /* KnjiznicaPosudbaResponse.swift in Sources */,
				8304A82D27A07B6B004D9CBF /* ispitiPrijavaResponse.swift in Sources */,
				83A021AA27AB4D4100A517AF /* ScheduleTabView.swift in Sources */,
				83540F23279CE41A0068BECB /* MainView.swift in Sources */,
				8304A84E27A085CA004D9CBF /* MentoriResponse.swift in Sources */,
				83A0219B27A95B7E00A517AF /* UserDefaults.swift in Sources */,
				8304A83C27A0825B004D9CBF /* KnjiznicaVracenoResponse.swift in Sources */,
				83973D2B27AD5D0600DD120D /* GradientExtension.swift in Sources */,
				8304A84527A08413004D9CBF /* PrisustvaResponse.swift in Sources */,
				8386AB3127AEA9B70069479E /* OsobnoResponse.swift in Sources */,
				83D0E4B827A8705F004E924A /* KeychainAccess.swift in Sources */,
			);
			runOnlyForDeploymentPostprocessing = 0;
		};
		83540F09279CDD670068BECB /* Sources */ = {
			isa = PBXSourcesBuildPhase;
			buildActionMask = 2147483647;
			files = (
				8318A4A927AC619D00002BEF /* PreviewMainViewModel.swift in Sources */,
				8304A805279E4001004D9CBF /* VijestiTagoviResponse.swift in Sources */,
				8304A83727A080F9004D9CBF /* KnjiznicaPodrucjeOdabirResponse.swift in Sources */,
				8304A84C27A0859B004D9CBF /* PraksaResponse.swift in Sources */,
				8304A7FB279DB0F2004D9CBF /* InfoedukaHttpRequest.swift in Sources */,
				83540F2B279CF0600068BECB /* LoginView.swift in Sources */,
				83973D3227AD725600DD120D /* FontExtension.swift in Sources */,
				8304A80F279E5144004D9CBF /* NSRegularExpressionExtension.swift in Sources */,
				8304A85527A09194004D9CBF /* FilterEnum.swift in Sources */,
				8304A802279DC2F0004D9CBF /* LoginResponse.swift in Sources */,
				8304A85227A08607004D9CBF /* FilterableProtocol.swift in Sources */,
				8318A4AE27AC62B200002BEF /* PreviewTjedniResponse.swift in Sources */,
				8304A81F279F2D7F004D9CBF /* CredentialsManager.swift in Sources */,
				8304A82B27A07AA3004D9CBF /* TjedniResponse.swift in Sources */,
				8304A7FE279DB156004D9CBF /* InfoedukaHttpEndpoints.swift in Sources */,
				8304A82427A079A4004D9CBF /* KategorijeResponse.swift in Sources */,
				8304A815279F0AAC004D9CBF /* ResponseProtocol.swift in Sources */,
				8304A84327A08374004D9CBF /* BodoviResponse.swift in Sources */,
				8304A83427A08048004D9CBF /* KnjiznicaPodrucjaResponse.swift in Sources */,
				8304A81C279F2B6C004D9CBF /* MainViewModel.swift in Sources */,
				8304A83127A07FC9004D9CBF /* IspitiOdjavaResponse.swift in Sources */,
				8304A84027A082F7004D9CBF /* MaterijaliResponse.swift in Sources */,
				8304A84927A08553004D9CBF /* GrupeResponse.swift in Sources */,
				8304A80B279E4680004D9CBF /* SessionTracker.swift in Sources */,
				8304A819279F2863004D9CBF /* LoginViewModel.swift in Sources */,
				8304A808279E419D004D9CBF /* JsonHelper.swift in Sources */,
				83540F13279CDD670068BECB /* InfoedukaApp.swift in Sources */,
				8386AB3227AEA9B70069479E /* OsobnoResponse.swift in Sources */,
				8304A82827A07A56004D9CBF /* VijestiResponse.swift in Sources */,
				8304A812279E5178004D9CBF /* StringExtension.swift in Sources */,
				8304A83A27A081B5004D9CBF /* KnjiznicaPosudbaResponse.swift in Sources */,
				8304A82E27A07B6B004D9CBF /* ispitiPrijavaResponse.swift in Sources */,
				83540F24279CE41A0068BECB /* MainView.swift in Sources */,
				83973D3327AD726D00DD120D /* ColorExtension.swift in Sources */,
				83973D3427AD727000DD120D /* GradientExtension.swift in Sources */,
				83A0219E27AAEC9600A517AF /* LaunchViewModel.swift in Sources */,
				8304A84F27A085CA004D9CBF /* MentoriResponse.swift in Sources */,
				8304A83D27A0825B004D9CBF /* KnjiznicaVracenoResponse.swift in Sources */,
				8304A84627A08413004D9CBF /* PrisustvaResponse.swift in Sources */,
			);
			runOnlyForDeploymentPostprocessing = 0;
		};
/* End PBXSourcesBuildPhase section */

/* Begin XCBuildConfiguration section */
		83540F1A279CDD670068BECB /* Debug */ = {
			isa = XCBuildConfiguration;
			buildSettings = {
				ALWAYS_SEARCH_USER_PATHS = NO;
				CLANG_ANALYZER_NONNULL = YES;
				CLANG_ANALYZER_NUMBER_OBJECT_CONVERSION = YES_AGGRESSIVE;
				CLANG_CXX_LANGUAGE_STANDARD = "gnu++17";
				CLANG_CXX_LIBRARY = "libc++";
				CLANG_ENABLE_MODULES = YES;
				CLANG_ENABLE_OBJC_ARC = YES;
				CLANG_ENABLE_OBJC_WEAK = YES;
				CLANG_WARN_BLOCK_CAPTURE_AUTORELEASING = YES;
				CLANG_WARN_BOOL_CONVERSION = YES;
				CLANG_WARN_COMMA = YES;
				CLANG_WARN_CONSTANT_CONVERSION = YES;
				CLANG_WARN_DEPRECATED_OBJC_IMPLEMENTATIONS = YES;
				CLANG_WARN_DIRECT_OBJC_ISA_USAGE = YES_ERROR;
				CLANG_WARN_DOCUMENTATION_COMMENTS = YES;
				CLANG_WARN_EMPTY_BODY = YES;
				CLANG_WARN_ENUM_CONVERSION = YES;
				CLANG_WARN_INFINITE_RECURSION = YES;
				CLANG_WARN_INT_CONVERSION = YES;
				CLANG_WARN_NON_LITERAL_NULL_CONVERSION = YES;
				CLANG_WARN_OBJC_IMPLICIT_RETAIN_SELF = YES;
				CLANG_WARN_OBJC_LITERAL_CONVERSION = YES;
				CLANG_WARN_OBJC_ROOT_CLASS = YES_ERROR;
				CLANG_WARN_QUOTED_INCLUDE_IN_FRAMEWORK_HEADER = YES;
				CLANG_WARN_RANGE_LOOP_ANALYSIS = YES;
				CLANG_WARN_STRICT_PROTOTYPES = YES;
				CLANG_WARN_SUSPICIOUS_MOVE = YES;
				CLANG_WARN_UNGUARDED_AVAILABILITY = YES_AGGRESSIVE;
				CLANG_WARN_UNREACHABLE_CODE = YES;
				CLANG_WARN__DUPLICATE_METHOD_MATCH = YES;
				COPY_PHASE_STRIP = NO;
				DEBUG_INFORMATION_FORMAT = dwarf;
				ENABLE_STRICT_OBJC_MSGSEND = YES;
				ENABLE_TESTABILITY = YES;
				GCC_C_LANGUAGE_STANDARD = gnu11;
				GCC_DYNAMIC_NO_PIC = NO;
				GCC_NO_COMMON_BLOCKS = YES;
				GCC_OPTIMIZATION_LEVEL = 0;
				GCC_PREPROCESSOR_DEFINITIONS = (
					"DEBUG=1",
					"$(inherited)",
				);
				GCC_WARN_64_TO_32_BIT_CONVERSION = YES;
				GCC_WARN_ABOUT_RETURN_TYPE = YES_ERROR;
				GCC_WARN_UNDECLARED_SELECTOR = YES;
				GCC_WARN_UNINITIALIZED_AUTOS = YES_AGGRESSIVE;
				GCC_WARN_UNUSED_FUNCTION = YES;
				GCC_WARN_UNUSED_VARIABLE = YES;
				MTL_ENABLE_DEBUG_INFO = INCLUDE_SOURCE;
				MTL_FAST_MATH = YES;
				ONLY_ACTIVE_ARCH = YES;
				SWIFT_ACTIVE_COMPILATION_CONDITIONS = DEBUG;
				SWIFT_OPTIMIZATION_LEVEL = "-Onone";
			};
			name = Debug;
		};
		83540F1B279CDD670068BECB /* Release */ = {
			isa = XCBuildConfiguration;
			buildSettings = {
				ALWAYS_SEARCH_USER_PATHS = NO;
				CLANG_ANALYZER_NONNULL = YES;
				CLANG_ANALYZER_NUMBER_OBJECT_CONVERSION = YES_AGGRESSIVE;
				CLANG_CXX_LANGUAGE_STANDARD = "gnu++17";
				CLANG_CXX_LIBRARY = "libc++";
				CLANG_ENABLE_MODULES = YES;
				CLANG_ENABLE_OBJC_ARC = YES;
				CLANG_ENABLE_OBJC_WEAK = YES;
				CLANG_WARN_BLOCK_CAPTURE_AUTORELEASING = YES;
				CLANG_WARN_BOOL_CONVERSION = YES;
				CLANG_WARN_COMMA = YES;
				CLANG_WARN_CONSTANT_CONVERSION = YES;
				CLANG_WARN_DEPRECATED_OBJC_IMPLEMENTATIONS = YES;
				CLANG_WARN_DIRECT_OBJC_ISA_USAGE = YES_ERROR;
				CLANG_WARN_DOCUMENTATION_COMMENTS = YES;
				CLANG_WARN_EMPTY_BODY = YES;
				CLANG_WARN_ENUM_CONVERSION = YES;
				CLANG_WARN_INFINITE_RECURSION = YES;
				CLANG_WARN_INT_CONVERSION = YES;
				CLANG_WARN_NON_LITERAL_NULL_CONVERSION = YES;
				CLANG_WARN_OBJC_IMPLICIT_RETAIN_SELF = YES;
				CLANG_WARN_OBJC_LITERAL_CONVERSION = YES;
				CLANG_WARN_OBJC_ROOT_CLASS = YES_ERROR;
				CLANG_WARN_QUOTED_INCLUDE_IN_FRAMEWORK_HEADER = YES;
				CLANG_WARN_RANGE_LOOP_ANALYSIS = YES;
				CLANG_WARN_STRICT_PROTOTYPES = YES;
				CLANG_WARN_SUSPICIOUS_MOVE = YES;
				CLANG_WARN_UNGUARDED_AVAILABILITY = YES_AGGRESSIVE;
				CLANG_WARN_UNREACHABLE_CODE = YES;
				CLANG_WARN__DUPLICATE_METHOD_MATCH = YES;
				COPY_PHASE_STRIP = NO;
				DEBUG_INFORMATION_FORMAT = "dwarf-with-dsym";
				ENABLE_NS_ASSERTIONS = NO;
				ENABLE_STRICT_OBJC_MSGSEND = YES;
				GCC_C_LANGUAGE_STANDARD = gnu11;
				GCC_NO_COMMON_BLOCKS = YES;
				GCC_WARN_64_TO_32_BIT_CONVERSION = YES;
				GCC_WARN_ABOUT_RETURN_TYPE = YES_ERROR;
				GCC_WARN_UNDECLARED_SELECTOR = YES;
				GCC_WARN_UNINITIALIZED_AUTOS = YES_AGGRESSIVE;
				GCC_WARN_UNUSED_FUNCTION = YES;
				GCC_WARN_UNUSED_VARIABLE = YES;
				MTL_ENABLE_DEBUG_INFO = NO;
				MTL_FAST_MATH = YES;
				SWIFT_COMPILATION_MODE = wholemodule;
				SWIFT_OPTIMIZATION_LEVEL = "-O";
			};
			name = Release;
		};
		83540F1D279CDD670068BECB /* Debug */ = {
			isa = XCBuildConfiguration;
			buildSettings = {
				ASSETCATALOG_COMPILER_APPICON_NAME = AppIcon;
				ASSETCATALOG_COMPILER_GLOBAL_ACCENT_COLOR_NAME = AccentColor;
				ASSETCATALOG_COMPILER_INCLUDE_ALL_APPICON_ASSETS = NO;
				CODE_SIGN_STYLE = Automatic;
				CURRENT_PROJECT_VERSION = 1;
				DEVELOPMENT_ASSET_PATHS = "Shared/Preview\\ Content/HTTP Shared/Preview\\ Content/HTTP/Responses Shared/Preview\\ Content/ViewModels Shared/Preview\\ Content/ViewModels/PreviewMainViewModel.swift Shared/Preview\\ Content/HTTP/Responses/PreviewTjedniResponse.swift Shared/Preview\\ Content/Preview\\ Assets.xcassets Shared/Preview\\ Content";
				DEVELOPMENT_TEAM = DADDNKA7TR;
				ENABLE_PREVIEWS = YES;
				GENERATE_INFOPLIST_FILE = YES;
				INFOPLIST_FILE = "Infoeduka--iOS--Info.plist";
				INFOPLIST_KEY_LSApplicationCategoryType = "public.app-category.education";
				INFOPLIST_KEY_UIApplicationSceneManifest_Generation = YES;
				INFOPLIST_KEY_UIApplicationSupportsIndirectInputEvents = YES;
				INFOPLIST_KEY_UISupportedInterfaceOrientations_iPad = "UIInterfaceOrientationPortrait UIInterfaceOrientationPortraitUpsideDown UIInterfaceOrientationLandscapeLeft UIInterfaceOrientationLandscapeRight";
				INFOPLIST_KEY_UISupportedInterfaceOrientations_iPhone = "UIInterfaceOrientationPortrait UIInterfaceOrientationLandscapeLeft UIInterfaceOrientationLandscapeRight";
				IPHONEOS_DEPLOYMENT_TARGET = 15.2;
				LD_RUNPATH_SEARCH_PATHS = (
					"$(inherited)",
					"@executable_path/Frameworks",
				);
				MARKETING_VERSION = 1.0;
				PRODUCT_BUNDLE_IDENTIFIER = hr.algebra.lcabraja.iamu.project.Infoeduka;
				PRODUCT_NAME = Infoeduka;
				SDKROOT = iphoneos;
				SWIFT_EMIT_LOC_STRINGS = YES;
				SWIFT_VERSION = 5.0;
				TARGETED_DEVICE_FAMILY = "1,2";
			};
			name = Debug;
		};
		83540F1E279CDD670068BECB /* Release */ = {
			isa = XCBuildConfiguration;
			buildSettings = {
				ASSETCATALOG_COMPILER_APPICON_NAME = AppIcon;
				ASSETCATALOG_COMPILER_GLOBAL_ACCENT_COLOR_NAME = AccentColor;
				ASSETCATALOG_COMPILER_INCLUDE_ALL_APPICON_ASSETS = NO;
				CODE_SIGN_STYLE = Automatic;
				CURRENT_PROJECT_VERSION = 1;
				DEVELOPMENT_ASSET_PATHS = "Shared/Preview\\ Content/HTTP Shared/Preview\\ Content/HTTP/Responses Shared/Preview\\ Content/ViewModels Shared/Preview\\ Content/ViewModels/PreviewMainViewModel.swift Shared/Preview\\ Content/HTTP/Responses/PreviewTjedniResponse.swift Shared/Preview\\ Content/Preview\\ Assets.xcassets Shared/Preview\\ Content";
				DEVELOPMENT_TEAM = DADDNKA7TR;
				ENABLE_PREVIEWS = YES;
				GENERATE_INFOPLIST_FILE = YES;
				INFOPLIST_FILE = "Infoeduka--iOS--Info.plist";
				INFOPLIST_KEY_LSApplicationCategoryType = "public.app-category.education";
				INFOPLIST_KEY_UIApplicationSceneManifest_Generation = YES;
				INFOPLIST_KEY_UIApplicationSupportsIndirectInputEvents = YES;
				INFOPLIST_KEY_UISupportedInterfaceOrientations_iPad = "UIInterfaceOrientationPortrait UIInterfaceOrientationPortraitUpsideDown UIInterfaceOrientationLandscapeLeft UIInterfaceOrientationLandscapeRight";
				INFOPLIST_KEY_UISupportedInterfaceOrientations_iPhone = "UIInterfaceOrientationPortrait UIInterfaceOrientationLandscapeLeft UIInterfaceOrientationLandscapeRight";
				IPHONEOS_DEPLOYMENT_TARGET = 15.2;
				LD_RUNPATH_SEARCH_PATHS = (
					"$(inherited)",
					"@executable_path/Frameworks",
				);
				MARKETING_VERSION = 1.0;
				PRODUCT_BUNDLE_IDENTIFIER = hr.algebra.lcabraja.iamu.project.Infoeduka;
				PRODUCT_NAME = Infoeduka;
				SDKROOT = iphoneos;
				SWIFT_EMIT_LOC_STRINGS = YES;
				SWIFT_VERSION = 5.0;
				TARGETED_DEVICE_FAMILY = "1,2";
				VALIDATE_PRODUCT = YES;
			};
			name = Release;
		};
		83540F20279CDD670068BECB /* Debug */ = {
			isa = XCBuildConfiguration;
			buildSettings = {
				ASSETCATALOG_COMPILER_APPICON_NAME = AppIcon;
				ASSETCATALOG_COMPILER_GLOBAL_ACCENT_COLOR_NAME = AccentColor;
				CODE_SIGN_ENTITLEMENTS = macOS/macOS.entitlements;
				CODE_SIGN_STYLE = Automatic;
				COMBINE_HIDPI_IMAGES = YES;
				CURRENT_PROJECT_VERSION = 1;
				DEVELOPMENT_TEAM = DADDNKA7TR;
				ENABLE_HARDENED_RUNTIME = YES;
				ENABLE_PREVIEWS = YES;
				GENERATE_INFOPLIST_FILE = YES;
				INFOPLIST_KEY_NSHumanReadableCopyright = "";
				LD_RUNPATH_SEARCH_PATHS = (
					"$(inherited)",
					"@executable_path/../Frameworks",
				);
				MACOSX_DEPLOYMENT_TARGET = 12.1;
				MARKETING_VERSION = 1.0;
				PRODUCT_BUNDLE_IDENTIFIER = hr.algebra.lcabraja.iamu.project.Infoeduka;
				PRODUCT_NAME = Infoeduka;
				SDKROOT = macosx;
				SWIFT_EMIT_LOC_STRINGS = YES;
				SWIFT_VERSION = 5.0;
			};
			name = Debug;
		};
		83540F21279CDD670068BECB /* Release */ = {
			isa = XCBuildConfiguration;
			buildSettings = {
				ASSETCATALOG_COMPILER_APPICON_NAME = AppIcon;
				ASSETCATALOG_COMPILER_GLOBAL_ACCENT_COLOR_NAME = AccentColor;
				CODE_SIGN_ENTITLEMENTS = macOS/macOS.entitlements;
				CODE_SIGN_STYLE = Automatic;
				COMBINE_HIDPI_IMAGES = YES;
				CURRENT_PROJECT_VERSION = 1;
				DEVELOPMENT_TEAM = DADDNKA7TR;
				ENABLE_HARDENED_RUNTIME = YES;
				ENABLE_PREVIEWS = YES;
				GENERATE_INFOPLIST_FILE = YES;
				INFOPLIST_KEY_NSHumanReadableCopyright = "";
				LD_RUNPATH_SEARCH_PATHS = (
					"$(inherited)",
					"@executable_path/../Frameworks",
				);
				MACOSX_DEPLOYMENT_TARGET = 12.1;
				MARKETING_VERSION = 1.0;
				PRODUCT_BUNDLE_IDENTIFIER = hr.algebra.lcabraja.iamu.project.Infoeduka;
				PRODUCT_NAME = Infoeduka;
				SDKROOT = macosx;
				SWIFT_EMIT_LOC_STRINGS = YES;
				SWIFT_VERSION = 5.0;
			};
			name = Release;
		};
/* End XCBuildConfiguration section */

/* Begin XCConfigurationList section */
		83540EFB279CDD640068BECB /* Build configuration list for PBXProject "Infoeduka" */ = {
			isa = XCConfigurationList;
			buildConfigurations = (
				83540F1A279CDD670068BECB /* Debug */,
				83540F1B279CDD670068BECB /* Release */,
			);
			defaultConfigurationIsVisible = 0;
			defaultConfigurationName = Release;
		};
		83540F1C279CDD670068BECB /* Build configuration list for PBXNativeTarget "Infoeduka (iOS)" */ = {
			isa = XCConfigurationList;
			buildConfigurations = (
				83540F1D279CDD670068BECB /* Debug */,
				83540F1E279CDD670068BECB /* Release */,
			);
			defaultConfigurationIsVisible = 0;
			defaultConfigurationName = Release;
		};
		83540F1F279CDD670068BECB /* Build configuration list for PBXNativeTarget "Infoeduka (macOS)" */ = {
			isa = XCConfigurationList;
			buildConfigurations = (
				83540F20279CDD670068BECB /* Debug */,
				83540F21279CDD670068BECB /* Release */,
			);
			defaultConfigurationIsVisible = 0;
			defaultConfigurationName = Release;
		};
/* End XCConfigurationList section */
	};
	rootObject = 83540EF8279CDD640068BECB /* Project object */;
}
